{
  "name": "sam-tools",
  "version": "2.0.0",
  "lockfileVersion": 1,
  "requires": true,
  "dependencies": {
    "@types/platform": {
      "version": "1.3.3",
      "resolved": "https://registry.npmjs.org/@types/platform/-/platform-1.3.3.tgz",
      "integrity": "sha512-1fuOulBHWIxAPLBtLms+UtbeRDt6rL7gP5R+Yugfzdg+poCLxXqXTE8i+FpYeiytGRLUEtnFkjsY/j+usbQBqw==",
      "dev": true
    },
    "platform": {
      "version": "1.3.6",
      "resolved": "https://registry.npmjs.org/platform/-/platform-1.3.6.tgz",
      "integrity": "sha512-fnWVljUchTro6RiCFvCXBbNhJc2NijN7oIQxbwsyL0buWJPG85v81ehlHI9fXrJsMNgTofEoWIQeClKpgxFLrg==",
      "dev": true
    },
    "tslib": {
      "version": "2.2.0",
      "resolved": "http://npm.dongfangfuli.com/tslib/-/tslib-2.2.0.tgz",
      "integrity": "sha1-+yxHWXfjXiQTEe3iaTzuHsZpj1w=",
      "dev": true
    }
  }
}
